
Microsoft Visual Studio Solution File, Format Version 12.00
# Visual Studio Version 16
VisualStudioVersion = 16.0.31911.196
MinimumVisualStudioVersion = 10.0.40219.1
Project("{FAE04EC0-301F-11D3-BF4B-00C04F79EFBC}") = "PandemicSimulation", "PandemicSimulation.csproj", "{45BB1AF8-24F2-4550-9A0A-290C24D12DFC}"
EndProject
Global
	GlobalSection(SolutionConfigurationPlatforms) = preSolution
		Debug|Any CPU = Debug|Any CPU
		Release|Any CPU = Release|Any CPU
	EndGlobalSection
	GlobalSection(ProjectConfigurationPlatforms) = postSolution
		{45BB1AF8-24F2-4550-9A0A-290C24D12DFC}.Debug|Any CPU.ActiveCfg = Debug|Any CPU
		{45BB1AF8-24F2-4550-9A0A-290C24D12DFC}.Debug|Any CPU.Build.0 = Debug|Any CPU
		{45BB1AF8-24F2-4550-9A0A-290C24D12DFC}.Release|Any CPU.ActiveCfg = Release|Any CPU
		{45BB1AF8-24F2-4550-9A0A-290C24D12DFC}.Release|Any CPU.Build.0 = Release|Any CPU
	EndGlobalSection
	GlobalSection(SolutionProperties) = preSolution
		HideSolutionNode = FALSE
	EndGlobalSection
	GlobalSection(ExtensibilityGlobals) = postSolution
		SolutionGuid = {0A833D5D-3085-449F-8BFC-CD7B3E196D24}
	EndGlobalSection
EndGlobal
